
Microsoft Visual Studio Solution File, Format Version 12.00
# Visual Studio Version 17
VisualStudioVersion = 17.11.35208.52
MinimumVisualStudioVersion = 10.0.40219.1
Project("{FAE04EC0-301F-11D3-BF4B-00C04F79EFBC}") = "CheckConnection", "CheckConnection\CheckConnection.csproj", "{BF47C30A-19A3-48F9-AB7D-CCD0630283BB}"
EndProject
Global
	GlobalSection(SolutionConfigurationPlatforms) = preSolution
		Debug|Any CPU = Debug|Any CPU
		Release|Any CPU = Release|Any CPU
	EndGlobalSection
	GlobalSection(ProjectConfigurationPlatforms) = postSolution
		{BF47C30A-19A3-48F9-AB7D-CCD0630283BB}.Debug|Any CPU.ActiveCfg = Debug|Any CPU
		{BF47C30A-19A3-48F9-AB7D-CCD0630283BB}.Debug|Any CPU.Build.0 = Debug|Any CPU
		{BF47C30A-19A3-48F9-AB7D-CCD0630283BB}.Release|Any CPU.ActiveCfg = Release|Any CPU
		{BF47C30A-19A3-48F9-AB7D-CCD0630283BB}.Release|Any CPU.Build.0 = Release|Any CPU
	EndGlobalSection
	GlobalSection(SolutionProperties) = preSolution
		HideSolutionNode = FALSE
	EndGlobalSection
	GlobalSection(ExtensibilityGlobals) = postSolution
		SolutionGuid = {4EBFDEBF-BBAA-4D07-99E3-D3577755B6D8}
	EndGlobalSection
EndGlobal
